
Microsoft Visual Studio Solution File, Format Version 12.00
# Visual Studio Version 17
VisualStudioVersion = 17.0.32112.339
MinimumVisualStudioVersion = 10.0.40219.1
Project("{FAE04EC0-301F-11D3-BF4B-00C04F79EFBC}") = "ConsoleApp1", "ConsoleApp1\ConsoleApp1.csproj", "{7783CAF9-9CA5-42C0-A78E-F358E8050B45}"
EndProject
Global
	GlobalSection(SolutionConfigurationPlatforms) = preSolution
		Debug|Any CPU = Debug|Any CPU
		Release|Any CPU = Release|Any CPU
	EndGlobalSection
	GlobalSection(ProjectConfigurationPlatforms) = postSolution
		{7783CAF9-9CA5-42C0-A78E-F358E8050B45}.Debug|Any CPU.ActiveCfg = Debug|Any CPU
		{7783CAF9-9CA5-42C0-A78E-F358E8050B45}.Debug|Any CPU.Build.0 = Debug|Any CPU
		{7783CAF9-9CA5-42C0-A78E-F358E8050B45}.Release|Any CPU.ActiveCfg = Release|Any CPU
		{7783CAF9-9CA5-42C0-A78E-F358E8050B45}.Release|Any CPU.Build.0 = Release|Any CPU
	EndGlobalSection
	GlobalSection(SolutionProperties) = preSolution
		HideSolutionNode = FALSE
	EndGlobalSection
	GlobalSection(ExtensibilityGlobals) = postSolution
		SolutionGuid = {AC6634A9-3DAC-46C4-8858-C5C2E01711F9}
	EndGlobalSection
EndGlobal
